
Microsoft Visual Studio Solution File, Format Version 12.00
# Visual Studio 15
VisualStudioVersion = 15.0.26403.3
MinimumVisualStudioVersion = 10.0.40219.1
Project("{FAE04EC0-301F-11D3-BF4B-00C04F79EFBC}") = "LoanScenarioCompare.Calculator", "LoanScenarioCompare.Calculator\LoanScenarioCompare.Calculator.csproj", "{418FEB8A-C007-44A1-B995-6D7C7ADE8CD2}"
EndProject
Project("{FAE04EC0-301F-11D3-BF4B-00C04F79EFBC}") = "LoanScenarioCompare.Calculator.Tests", "LoanScenarioCompare.Calculator.Tests\LoanScenarioCompare.Calculator.Tests.csproj", "{FBD0587C-2E17-461B-8F66-371A17D8C90A}"
EndProject
Project("{FAE04EC0-301F-11D3-BF4B-00C04F79EFBC}") = "LoanScenarioCompare.Calculator.Api", "LoanScenarioCompare.Calculator.Api\LoanScenarioCompare.Calculator.Api.csproj", "{B1D01BF3-B5B2-4E52-AA6B-194F20A8E7FF}"
EndProject
Global
	GlobalSection(SolutionConfigurationPlatforms) = preSolution
		Debug|Any CPU = Debug|Any CPU
		Release|Any CPU = Release|Any CPU
	EndGlobalSection
	GlobalSection(ProjectConfigurationPlatforms) = postSolution
		{418FEB8A-C007-44A1-B995-6D7C7ADE8CD2}.Debug|Any CPU.ActiveCfg = Debug|Any CPU
		{418FEB8A-C007-44A1-B995-6D7C7ADE8CD2}.Debug|Any CPU.Build.0 = Debug|Any CPU
		{418FEB8A-C007-44A1-B995-6D7C7ADE8CD2}.Release|Any CPU.ActiveCfg = Release|Any CPU
		{418FEB8A-C007-44A1-B995-6D7C7ADE8CD2}.Release|Any CPU.Build.0 = Release|Any CPU
		{FBD0587C-2E17-461B-8F66-371A17D8C90A}.Debug|Any CPU.ActiveCfg = Debug|Any CPU
		{FBD0587C-2E17-461B-8F66-371A17D8C90A}.Debug|Any CPU.Build.0 = Debug|Any CPU
		{FBD0587C-2E17-461B-8F66-371A17D8C90A}.Release|Any CPU.ActiveCfg = Release|Any CPU
		{FBD0587C-2E17-461B-8F66-371A17D8C90A}.Release|Any CPU.Build.0 = Release|Any CPU
		{B1D01BF3-B5B2-4E52-AA6B-194F20A8E7FF}.Debug|Any CPU.ActiveCfg = Debug|Any CPU
		{B1D01BF3-B5B2-4E52-AA6B-194F20A8E7FF}.Debug|Any CPU.Build.0 = Debug|Any CPU
		{B1D01BF3-B5B2-4E52-AA6B-194F20A8E7FF}.Release|Any CPU.ActiveCfg = Release|Any CPU
		{B1D01BF3-B5B2-4E52-AA6B-194F20A8E7FF}.Release|Any CPU.Build.0 = Release|Any CPU
	EndGlobalSection
	GlobalSection(SolutionProperties) = preSolution
		HideSolutionNode = FALSE
	EndGlobalSection
EndGlobal
